# THIS IS AN AUTOGENERATED FILE. DO NOT EDIT THIS FILE DIRECTLY.
# yarn lockfile v1


"@algolia/autocomplete-core@1.5.0":
  "integrity" "sha512-E7+VJwcvwMM8vPeaVn7fNUgix8WHV8A1WUeHDi2KHemCaaGc8lvUnP3QnvhMxiDhTe7OpMEv4o2TBUMyDgThaw=="
  "resolved" "https://registry.npmmirror.com/@algolia/autocomplete-core/-/autocomplete-core-1.5.0.tgz"
  "version" "1.5.0"
  dependencies:
    "@algolia/autocomplete-shared" "1.5.0"

"@algolia/autocomplete-preset-algolia@1.5.0":
  "integrity" "sha512-iiFxKERGHkvkiupmrFJbvESpP/zv5jSgH714XRiP5LDvUHaYOo4GLAwZCFf2ef/L5tdtPBARvekn6k1Xf33gjA=="
  "resolved" "https://registry.npmmirror.com/@algolia/autocomplete-preset-algolia/-/autocomplete-preset-algolia-1.5.0.tgz"
  "version" "1.5.0"
  dependencies:
    "@algolia/autocomplete-shared" "1.5.0"

"@algolia/autocomplete-shared@1.5.0":
  "integrity" "sha512-bRSkqHHHSwZYbFY3w9hgMyQRm86Wz27bRaGCbNldLfbk0zUjApmE4ajx+ZCVSLqxvcUEjMqZFJzDsder12eKsg=="
  "resolved" "https://registry.npmmirror.com/@algolia/autocomplete-shared/-/autocomplete-shared-1.5.0.tgz"
  "version" "1.5.0"

"@algolia/cache-browser-local-storage@4.12.1":
  "integrity" "sha512-ERFFOnC9740xAkuO0iZTQqm2AzU7Dpz/s+g7o48GlZgx5p9GgNcsuK5eS0GoW/tAK+fnKlizCtlFHNuIWuvfsg=="
  "resolved" "https://registry.npmmirror.com/@algolia/cache-browser-local-storage/-/cache-browser-local-storage-4.12.1.tgz"
  "version" "4.12.1"
  dependencies:
    "@algolia/cache-common" "4.12.1"

"@algolia/cache-common@4.12.1":
  "integrity" "sha512-UugTER3V40jT+e19Dmph5PKMeliYKxycNPwrPNADin0RcWNfT2QksK9Ff2N2W7UKraqMOzoeDb4LAJtxcK1a8Q=="
  "resolved" "https://registry.npmmirror.com/@algolia/cache-common/-/cache-common-4.12.1.tgz"
  "version" "4.12.1"

"@algolia/cache-common@4.12.2":
  "integrity" "sha512-r//r7MF0Na0HxD2BHnjWsDKuI72Z5UEf/Rb/8MC08XKBsjCwBihGxWxycjRcNGjNEIxJBsvRMIEOipcd9qD54g=="
  "resolved" "https://registry.npmmirror.com/@algolia/cache-common/-/cache-common-4.12.2.tgz"
  "version" "4.12.2"

"@algolia/cache-in-memory@4.12.1":
  "integrity" "sha512-U6iaunaxK1lHsAf02UWF58foKFEcrVLsHwN56UkCtwn32nlP9rz52WOcHsgk6TJrL8NDcO5swMjtOQ5XHESFLw=="
  "resolved" "https://registry.npmmirror.com/@algolia/cache-in-memory/-/cache-in-memory-4.12.1.tgz"
  "version" "4.12.1"
  dependencies:
    "@algolia/cache-common" "4.12.1"

"@algolia/client-account@4.12.1":
  "integrity" "sha512-jGo4ConJNoMdTCR2zouO0jO/JcJmzOK6crFxMMLvdnB1JhmMbuIKluOTJVlBWeivnmcsqb7r0v7qTCPW5PAyxQ=="
  "resolved" "https://registry.npmmirror.com/@algolia/client-account/-/client-account-4.12.1.tgz"
  "version" "4.12.1"
  dependencies:
    "@algolia/client-common" "4.12.1"
    "@algolia/client-search" "4.12.1"
    "@algolia/transporter" "4.12.1"

"@algolia/client-analytics@4.12.1":
  "integrity" "sha512-h1It7KXzIthlhuhfBk7LteYq72tym9maQDUsyRW0Gft8b6ZQahnRak9gcCvKwhcJ1vJoP7T7JrNYGiYSicTD9g=="
  "resolved" "https://registry.npmmirror.com/@algolia/client-analytics/-/client-analytics-4.12.1.tgz"
  "version" "4.12.1"
  dependencies:
    "@algolia/client-common" "4.12.1"
    "@algolia/client-search" "4.12.1"
    "@algolia/requester-common" "4.12.1"
    "@algolia/transporter" "4.12.1"

"@algolia/client-common@4.12.1":
  "integrity" "sha512-obnJ8eSbv+h94Grk83DTGQ3bqhViSWureV6oK1s21/KMGWbb3DkduHm+lcwFrMFkjSUSzosLBHV9EQUIBvueTw=="
  "resolved" "https://registry.npmmirror.com/@algolia/client-common/-/client-common-4.12.1.tgz"
  "version" "4.12.1"
  dependencies:
    "@algolia/requester-common" "4.12.1"
    "@algolia/transporter" "4.12.1"

"@algolia/client-common@4.12.2":
  "integrity" "sha512-+dTicT1lklwOpeoiDspUoRSQYHhrr2IzllrX89/WuTPEBm2eww1xurqrSTQYC0MuVeX1s9/i4k34Q0ZnspypWg=="
  "resolved" "https://registry.npmmirror.com/@algolia/client-common/-/client-common-4.12.2.tgz"
  "version" "4.12.2"
  dependencies:
    "@algolia/requester-common" "4.12.2"
    "@algolia/transporter" "4.12.2"

"@algolia/client-personalization@4.12.1":
  "integrity" "sha512-sMSnjjPjRgByGHYygV+5L/E8a6RgU7l2GbpJukSzJ9GRY37tHmBHuvahv8JjdCGJ2p7QDYLnQy5bN5Z02qjc7Q=="
  "resolved" "https://registry.npmmirror.com/@algolia/client-personalization/-/client-personalization-4.12.1.tgz"
  "version" "4.12.1"
  dependencies:
    "@algolia/client-common" "4.12.1"
    "@algolia/requester-common" "4.12.1"
    "@algolia/transporter" "4.12.1"

"@algolia/client-search@^4.9.1":
  "integrity" "sha512-JIqi14TgfEqAooNbSPBC1ZCk3Pnviqlaz9KofAqWBxSRTpPUFnU/XQCU5ihR0PC68SFVDnU/Y9cak/XotXPUeg=="
  "resolved" "https://registry.npmmirror.com/@algolia/client-search/-/client-search-4.12.2.tgz"
  "version" "4.12.2"
  dependencies:
    "@algolia/client-common" "4.12.2"
    "@algolia/requester-common" "4.12.2"
    "@algolia/transporter" "4.12.2"

"@algolia/client-search@4.12.1":
  "integrity" "sha512-MwwKKprfY6X2nJ5Ki/ccXM2GDEePvVjZnnoOB2io3dLKW4fTqeSRlC5DRXeFD7UM0vOPPHr4ItV2aj19APKNVQ=="
  "resolved" "https://registry.npmmirror.com/@algolia/client-search/-/client-search-4.12.1.tgz"
  "version" "4.12.1"
  dependencies:
    "@algolia/client-common" "4.12.1"
    "@algolia/requester-common" "4.12.1"
    "@algolia/transporter" "4.12.1"

"@algolia/logger-common@4.12.1":
  "integrity" "sha512-fCgrzlXGATNqdFTxwx0GsyPXK+Uqrx1SZ3iuY2VGPPqdt1a20clAG2n2OcLHJpvaa6vMFPlJyWvbqAgzxdxBlQ=="
  "resolved" "https://registry.npmmirror.com/@algolia/logger-common/-/logger-common-4.12.1.tgz"
  "version" "4.12.1"

"@algolia/logger-common@4.12.2":
  "integrity" "sha512-iOiJAymLjq137G7+8EQuUEkrgta0cZGMg6scp8s4hJ+X6k+6By4nyptdkCWYwKLsW/Xy927QcIhGlkWV78vQIQ=="
  "resolved" "https://registry.npmmirror.com/@algolia/logger-common/-/logger-common-4.12.2.tgz"
  "version" "4.12.2"

"@algolia/logger-console@4.12.1":
  "integrity" "sha512-0owaEnq/davngQMYqxLA4KrhWHiXujQ1CU3FFnyUcMyBR7rGHI48zSOUpqnsAXrMBdSH6rH5BDkSUUFwsh8RkQ=="
  "resolved" "https://registry.npmmirror.com/@algolia/logger-console/-/logger-console-4.12.1.tgz"
  "version" "4.12.1"
  dependencies:
    "@algolia/logger-common" "4.12.1"

"@algolia/requester-browser-xhr@4.12.1":
  "integrity" "sha512-OaMxDyG0TZG0oqz1lQh9e3woantAG1bLnuwq3fmypsrQxra4IQZiyn1x+kEb69D2TcXApI5gOgrD4oWhtEVMtw=="
  "resolved" "https://registry.npmmirror.com/@algolia/requester-browser-xhr/-/requester-browser-xhr-4.12.1.tgz"
  "version" "4.12.1"
  dependencies:
    "@algolia/requester-common" "4.12.1"

"@algolia/requester-common@4.12.1":
  "integrity" "sha512-XWIrWQNJ1vIrSuL/bUk3ZwNMNxl+aWz6dNboRW6+lGTcMIwc3NBFE90ogbZKhNrFRff8zI4qCF15tjW+Fyhpow=="
  "resolved" "https://registry.npmmirror.com/@algolia/requester-common/-/requester-common-4.12.1.tgz"
  "version" "4.12.1"

"@algolia/requester-common@4.12.2":
  "integrity" "sha512-4szj/lvDQf/u8EyyRBBRZD1ZkKDyLBbckLj7meQDlnbfwnW1UpLwpB2l3XJ9wDmDSftGxUCeTl5oMFe4z9OEvQ=="
  "resolved" "https://registry.npmmirror.com/@algolia/requester-common/-/requester-common-4.12.2.tgz"
  "version" "4.12.2"

"@algolia/requester-node-http@4.12.1":
  "integrity" "sha512-awBtwaD+s0hxkA1aehYn8F0t9wqGoBVWgY4JPHBmp1ChO3pK7RKnnvnv7QQa9vTlllX29oPt/BBVgMo1Z3n1Qg=="
  "resolved" "https://registry.npmmirror.com/@algolia/requester-node-http/-/requester-node-http-4.12.1.tgz"
  "version" "4.12.1"
  dependencies:
    "@algolia/requester-common" "4.12.1"

"@algolia/transporter@4.12.1":
  "integrity" "sha512-BGeNgdEHc6dXIk2g8kdlOoQ6fQ6OIaKQcplEj7HPoi+XZUeAvRi3Pff3QWd7YmybWkjzd9AnTzieTASDWhL+sQ=="
  "resolved" "https://registry.npmmirror.com/@algolia/transporter/-/transporter-4.12.1.tgz"
  "version" "4.12.1"
  dependencies:
    "@algolia/cache-common" "4.12.1"
    "@algolia/logger-common" "4.12.1"
    "@algolia/requester-common" "4.12.1"

"@algolia/transporter@4.12.2":
  "integrity" "sha512-PUq79if4CukXsm27ymTQ3eD3juSvMcyJmt6mxCkSFE0zQRL4ert61HBlNH6S9y/quUVe3g7oggfHq3d5pdpqZA=="
  "resolved" "https://registry.npmmirror.com/@algolia/transporter/-/transporter-4.12.2.tgz"
  "version" "4.12.2"
  dependencies:
    "@algolia/cache-common" "4.12.2"
    "@algolia/logger-common" "4.12.2"
    "@algolia/requester-common" "4.12.2"

"@babel/parser@^7.16.4":
  "integrity" "sha512-7yJPvPV+ESz2IUTPbOL+YkIGyCqOyNIzdguKQuJGnH7bg1WTIifuM21YqokFt/THWh1AkCRn9IgoykTRCBVpzA=="
  "resolved" "https://registry.npmmirror.com/@babel/parser/-/parser-7.17.3.tgz"
  "version" "7.17.3"

"@docsearch/css@^3.0.0-alpha.41", "@docsearch/css@3.0.0-alpha.42":
  "integrity" "sha512-AGwI2AXUacYhVOHmYnsXoYDJKO6Ued2W+QO80GERbMLhC7GH5tfvtW5REs/s7jSdcU3vzFoxT8iPDBCh/PkrlQ=="
  "resolved" "https://registry.npmmirror.com/@docsearch/css/-/css-3.0.0-alpha.42.tgz"
  "version" "3.0.0-alpha.42"

"@docsearch/js@^3.0.0-alpha.41":
  "integrity" "sha512-8rxxsvFKS5GzDX2MYMETeib4EOwAkoxVUHFP5R4tSENXojhuCEy3np+k3Q0c9WPT+MUmWLxKJab5jyl0jmaeBQ=="
  "resolved" "https://registry.npmmirror.com/@docsearch/js/-/js-3.0.0-alpha.42.tgz"
  "version" "3.0.0-alpha.42"
  dependencies:
    "@docsearch/react" "3.0.0-alpha.42"
    "preact" "^10.0.0"

"@docsearch/react@3.0.0-alpha.42":
  "integrity" "sha512-1aOslZJDxwUUcm2QRNmlEePUgL8P5fOAeFdOLDMctHQkV2iTja9/rKVbkP8FZbIUnZxuuCCn8ErLrjD/oXWOag=="
  "resolved" "https://registry.npmmirror.com/@docsearch/react/-/react-3.0.0-alpha.42.tgz"
  "version" "3.0.0-alpha.42"
  dependencies:
    "@algolia/autocomplete-core" "1.5.0"
    "@algolia/autocomplete-preset-algolia" "1.5.0"
    "@docsearch/css" "3.0.0-alpha.42"
    "algoliasearch" "^4.0.0"

"@types/prop-types@*":
  "integrity" "sha512-rZ5drC/jWjrArrS8BR6SIr4cWpW09RNTYt9AMZo3Jwwif+iacXAqgVjm0B0Bv/S1jhDXKHqRVNCbACkJ89RAnQ=="
  "resolved" "https://registry.npmmirror.com/@types/prop-types/-/prop-types-15.7.4.tgz"
  "version" "15.7.4"

"@types/react@>= 16.8.0 < 18.0.0":
  "integrity" "sha512-UrXhD/JyLH+W70nNSufXqMZNuUD2cXHu6UjCllC6pmOQgBX4SGXOH8fjRka0O0Ee0HrFxapDD8Bwn81Kmiz6jQ=="
  "resolved" "https://registry.npmmirror.com/@types/react/-/react-17.0.40.tgz"
  "version" "17.0.40"
  dependencies:
    "@types/prop-types" "*"
    "@types/scheduler" "*"
    "csstype" "^3.0.2"

"@types/scheduler@*":
  "integrity" "sha512-hppQEBDmlwhFAXKJX2KnWLYu5yMfi91yazPb2l+lbJiwW+wdo1gNeRA+3RgNSO39WYX2euey41KEwnqesU2Jew=="
  "resolved" "https://registry.npmmirror.com/@types/scheduler/-/scheduler-0.16.2.tgz"
  "version" "0.16.2"

"@vitejs/plugin-vue@^2.2.0":
  "integrity" "sha512-ev9AOlp0ljCaDkFZF3JwC/pD2N4Hh+r5srl5JHM6BKg5+99jiiK0rE/XaRs3pVm1wzyKkjUy/StBSoXX5fFzcw=="
  "resolved" "https://registry.npmmirror.com/@vitejs/plugin-vue/-/plugin-vue-2.2.4.tgz"
  "version" "2.2.4"

"@vue/compiler-core@3.2.31":
  "integrity" "sha512-aKno00qoA4o+V/kR6i/pE+aP+esng5siNAVQ422TkBNM6qA4veXiZbSe8OTXHXquEi/f6Akc+nLfB4JGfe4/WQ=="
  "resolved" "https://registry.npmmirror.com/@vue/compiler-core/-/compiler-core-3.2.31.tgz"
  "version" "3.2.31"
  dependencies:
    "@babel/parser" "^7.16.4"
    "@vue/shared" "3.2.31"
    "estree-walker" "^2.0.2"
    "source-map" "^0.6.1"

"@vue/compiler-dom@3.2.31":
  "integrity" "sha512-60zIlFfzIDf3u91cqfqy9KhCKIJgPeqxgveH2L+87RcGU/alT6BRrk5JtUso0OibH3O7NXuNOQ0cDc9beT0wrg=="
  "resolved" "https://registry.npmmirror.com/@vue/compiler-dom/-/compiler-dom-3.2.31.tgz"
  "version" "3.2.31"
  dependencies:
    "@vue/compiler-core" "3.2.31"
    "@vue/shared" "3.2.31"

"@vue/compiler-sfc@3.2.31":
  "integrity" "sha512-748adc9msSPGzXgibHiO6T7RWgfnDcVQD+VVwYgSsyyY8Ans64tALHZANrKtOzvkwznV/F4H7OAod/jIlp/dkQ=="
  "resolved" "https://registry.npmmirror.com/@vue/compiler-sfc/-/compiler-sfc-3.2.31.tgz"
  "version" "3.2.31"
  dependencies:
    "@babel/parser" "^7.16.4"
    "@vue/compiler-core" "3.2.31"
    "@vue/compiler-dom" "3.2.31"
    "@vue/compiler-ssr" "3.2.31"
    "@vue/reactivity-transform" "3.2.31"
    "@vue/shared" "3.2.31"
    "estree-walker" "^2.0.2"
    "magic-string" "^0.25.7"
    "postcss" "^8.1.10"
    "source-map" "^0.6.1"

"@vue/compiler-ssr@3.2.31":
  "integrity" "sha512-mjN0rqig+A8TVDnsGPYJM5dpbjlXeHUm2oZHZwGyMYiGT/F4fhJf/cXy8QpjnLQK4Y9Et4GWzHn9PS8AHUnSkw=="
  "resolved" "https://registry.npmmirror.com/@vue/compiler-ssr/-/compiler-ssr-3.2.31.tgz"
  "version" "3.2.31"
  dependencies:
    "@vue/compiler-dom" "3.2.31"
    "@vue/shared" "3.2.31"

"@vue/reactivity-transform@3.2.31":
  "integrity" "sha512-uS4l4z/W7wXdI+Va5pgVxBJ345wyGFKvpPYtdSgvfJfX/x2Ymm6ophQlXXB6acqGHtXuBqNyyO3zVp9b1r0MOA=="
  "resolved" "https://registry.npmmirror.com/@vue/reactivity-transform/-/reactivity-transform-3.2.31.tgz"
  "version" "3.2.31"
  dependencies:
    "@babel/parser" "^7.16.4"
    "@vue/compiler-core" "3.2.31"
    "@vue/shared" "3.2.31"
    "estree-walker" "^2.0.2"
    "magic-string" "^0.25.7"

"@vue/reactivity@3.2.31":
  "integrity" "sha512-HVr0l211gbhpEKYr2hYe7hRsV91uIVGFYNHj73njbARVGHQvIojkImKMaZNDdoDZOIkMsBc9a1sMqR+WZwfSCw=="
  "resolved" "https://registry.npmmirror.com/@vue/reactivity/-/reactivity-3.2.31.tgz"
  "version" "3.2.31"
  dependencies:
    "@vue/shared" "3.2.31"

"@vue/runtime-core@3.2.31":
  "integrity" "sha512-Kcog5XmSY7VHFEMuk4+Gap8gUssYMZ2+w+cmGI6OpZWYOEIcbE0TPzzPHi+8XTzAgx1w/ZxDFcXhZeXN5eKWsA=="
  "resolved" "https://registry.npmmirror.com/@vue/runtime-core/-/runtime-core-3.2.31.tgz"
  "version" "3.2.31"
  dependencies:
    "@vue/reactivity" "3.2.31"
    "@vue/shared" "3.2.31"

"@vue/runtime-dom@3.2.31":
  "integrity" "sha512-N+o0sICVLScUjfLG7u9u5XCjvmsexAiPt17GNnaWHJUfsKed5e85/A3SWgKxzlxx2SW/Hw7RQxzxbXez9PtY3g=="
  "resolved" "https://registry.npmmirror.com/@vue/runtime-dom/-/runtime-dom-3.2.31.tgz"
  "version" "3.2.31"
  dependencies:
    "@vue/runtime-core" "3.2.31"
    "@vue/shared" "3.2.31"
    "csstype" "^2.6.8"

"@vue/server-renderer@3.2.31":
  "integrity" "sha512-8CN3Zj2HyR2LQQBHZ61HexF5NReqngLT3oahyiVRfSSvak+oAvVmu8iNLSu6XR77Ili2AOpnAt1y8ywjjqtmkg=="
  "resolved" "https://registry.npmmirror.com/@vue/server-renderer/-/server-renderer-3.2.31.tgz"
  "version" "3.2.31"
  dependencies:
    "@vue/compiler-ssr" "3.2.31"
    "@vue/shared" "3.2.31"

"@vue/shared@3.2.31":
  "integrity" "sha512-ymN2pj6zEjiKJZbrf98UM2pfDd6F2H7ksKw7NDt/ZZ1fh5Ei39X5tABugtT03ZRlWd9imccoK0hE8hpjpU7irQ=="
  "resolved" "https://registry.npmmirror.com/@vue/shared/-/shared-3.2.31.tgz"
  "version" "3.2.31"

"algoliasearch@^4.0.0", "algoliasearch@^4.9.1":
  "integrity" "sha512-c0dM1g3zZBJrkzE5GA/Nu1y3fFxx3LCzxKzcmp2dgGS8P4CjszB/l3lsSh2MSrrK1Hn/KV4BlbBMXtYgG1Bfrw=="
  "resolved" "https://registry.npmmirror.com/algoliasearch/-/algoliasearch-4.12.1.tgz"
  "version" "4.12.1"
  dependencies:
    "@algolia/cache-browser-local-storage" "4.12.1"
    "@algolia/cache-common" "4.12.1"
    "@algolia/cache-in-memory" "4.12.1"
    "@algolia/client-account" "4.12.1"
    "@algolia/client-analytics" "4.12.1"
    "@algolia/client-common" "4.12.1"
    "@algolia/client-personalization" "4.12.1"
    "@algolia/client-search" "4.12.1"
    "@algolia/logger-common" "4.12.1"
    "@algolia/logger-console" "4.12.1"
    "@algolia/requester-browser-xhr" "4.12.1"
    "@algolia/requester-common" "4.12.1"
    "@algolia/requester-node-http" "4.12.1"
    "@algolia/transporter" "4.12.1"

"csstype@^2.6.8":
  "integrity" "sha512-/WwNkdXfckNgw6S5R125rrW8ez139lBHWouiBvX8dfMFtcn6V81REDqnH7+CRpRipfYlyU1CmOnOxrmGcFOjeA=="
  "resolved" "https://registry.npmmirror.com/csstype/-/csstype-2.6.20.tgz"
  "version" "2.6.20"

"csstype@^3.0.2":
  "integrity" "sha512-sa6P2wJ+CAbgyy4KFssIb/JNMLxFvKF1pCYCSXS8ZMuqZnMsrxqI2E5sPyoTpxoPU/gVZMzr2zjOfg8GIZOMsw=="
  "resolved" "https://registry.npmmirror.com/csstype/-/csstype-3.0.11.tgz"
  "version" "3.0.11"

"esbuild-windows-64@0.14.25":
  "integrity" "sha512-TirEohRkfWU9hXLgoDxzhMQD1g8I2mOqvdQF2RS9E/wbkORTAqJHyh7wqGRCQAwNzdNXdg3JAyhQ9/177AadWA=="
  "resolved" "https://registry.npmmirror.com/esbuild-windows-64/-/esbuild-windows-64-0.14.25.tgz"
  "version" "0.14.25"

"esbuild@^0.14.14":
  "integrity" "sha512-4JHEIOMNFvK09ziiL+iVmldIhLbn49V4NAVo888tcGFKedEZY/Y8YapfStJ6zSE23tzYPKxqKwQBnQoIO0BI/Q=="
  "resolved" "https://registry.npmmirror.com/esbuild/-/esbuild-0.14.25.tgz"
  "version" "0.14.25"
  optionalDependencies:
    "esbuild-android-64" "0.14.25"
    "esbuild-android-arm64" "0.14.25"
    "esbuild-darwin-64" "0.14.25"
    "esbuild-darwin-arm64" "0.14.25"
    "esbuild-freebsd-64" "0.14.25"
    "esbuild-freebsd-arm64" "0.14.25"
    "esbuild-linux-32" "0.14.25"
    "esbuild-linux-64" "0.14.25"
    "esbuild-linux-arm" "0.14.25"
    "esbuild-linux-arm64" "0.14.25"
    "esbuild-linux-mips64le" "0.14.25"
    "esbuild-linux-ppc64le" "0.14.25"
    "esbuild-linux-riscv64" "0.14.25"
    "esbuild-linux-s390x" "0.14.25"
    "esbuild-netbsd-64" "0.14.25"
    "esbuild-openbsd-64" "0.14.25"
    "esbuild-sunos-64" "0.14.25"
    "esbuild-windows-32" "0.14.25"
    "esbuild-windows-64" "0.14.25"
    "esbuild-windows-arm64" "0.14.25"

"estree-walker@^2.0.2":
  "integrity" "sha512-Rfkk/Mp/DL7JVje3u18FxFujQlTNR2q6QfMSMB7AvCBx91NGj/ba3kCfza0f6dVDbw7YlRf/nDrn7pQrCCyQ/w=="
  "resolved" "https://registry.npmmirror.com/estree-walker/-/estree-walker-2.0.2.tgz"
  "version" "2.0.2"

"function-bind@^1.1.1":
  "integrity" "sha512-yIovAzMX49sF8Yl58fSCWJ5svSLuaibPxXQJFLmBObTuCr0Mf1KiPopGM9NiFjiYBCbfaa2Fh6breQ6ANVTI0A=="
  "resolved" "https://registry.npmmirror.com/function-bind/-/function-bind-1.1.1.tgz"
  "version" "1.1.1"

"has@^1.0.3":
  "integrity" "sha512-f2dvO0VU6Oej7RkWJGrehjbzMAjFp5/VKPp5tTpWIV4JHHZK1/BxbFRtf/siA2SWTe09caDmVtYYzWEIbBS4zw=="
  "resolved" "https://registry.npmmirror.com/has/-/has-1.0.3.tgz"
  "version" "1.0.3"
  dependencies:
    "function-bind" "^1.1.1"

"is-core-module@^2.8.1":
  "integrity" "sha512-SdNCUs284hr40hFTFP6l0IfZ/RSrMXF3qgoRHd3/79unUTvrFO/JoXwkGm+5J/Oe3E/b5GsnG330uUNgRpu1PA=="
  "resolved" "https://registry.npmmirror.com/is-core-module/-/is-core-module-2.8.1.tgz"
  "version" "2.8.1"
  dependencies:
    "has" "^1.0.3"

"js-tokens@^3.0.0 || ^4.0.0":
  "integrity" "sha512-RdJUflcE3cUzKiMqQgsCu06FPu9UdIJO0beYbPhHN4k6apgJtifcoCtT9bcxOpYBtpD2kCM6Sbzg4CausW/PKQ=="
  "resolved" "https://registry.npmmirror.com/js-tokens/-/js-tokens-4.0.0.tgz"
  "version" "4.0.0"

"loose-envify@^1.1.0":
  "integrity" "sha512-lyuxPGr/Wfhrlem2CL/UcnUc1zcqKAImBDzukY7Y5F/yQiNdko6+fRLevlw1HgMySw7f611UIY408EtxRSoK3Q=="
  "resolved" "https://registry.npmmirror.com/loose-envify/-/loose-envify-1.4.0.tgz"
  "version" "1.4.0"
  dependencies:
    "js-tokens" "^3.0.0 || ^4.0.0"

"magic-string@^0.25.7":
  "integrity" "sha512-RmF0AsMzgt25qzqqLc1+MbHmhdx0ojF2Fvs4XnOqz2ZOBXzzkEwc/dJQZCYHAn7v1jbVOjAZfK8msRn4BxO4VQ=="
  "resolved" "https://registry.npmmirror.com/magic-string/-/magic-string-0.25.9.tgz"
  "version" "0.25.9"
  dependencies:
    "sourcemap-codec" "^1.4.8"

"nanoid@^3.3.1":
  "integrity" "sha512-n6Vs/3KGyxPQd6uO0eH4Bv0ojGSUvuLlIHtC3Y0kEO23YRge8H9x1GCzLn28YX0H66pMkxuaeESFq4tKISKwdw=="
  "resolved" "https://registry.npmmirror.com/nanoid/-/nanoid-3.3.1.tgz"
  "version" "3.3.1"

"object-assign@^4.1.1":
  "integrity" "sha512-rJgTQnkUnH1sFw8yT6VSU3zD3sWmu6sZhIseY8VX+GRu3P6F7Fu+JNDoXfklElbLJSnc3FUQHVe4cU5hj+BcUg=="
  "resolved" "https://registry.npmmirror.com/object-assign/-/object-assign-4.1.1.tgz"
  "version" "4.1.1"

"path-parse@^1.0.7":
  "integrity" "sha512-LDJzPVEEEPR+y48z93A0Ed0yXb8pAByGWo/k5YYdYgpY2/2EsOsksJrq7lOHxryrVOn1ejG6oAp8ahvOIQD8sw=="
  "resolved" "https://registry.npmmirror.com/path-parse/-/path-parse-1.0.7.tgz"
  "version" "1.0.7"

"picocolors@^1.0.0":
  "integrity" "sha512-1fygroTLlHu66zi26VoTDv8yRgm0Fccecssto+MhsZ0D/DGW2sm8E8AjW7NU5VVTRt5GxbeZ5qBuJr+HyLYkjQ=="
  "resolved" "https://registry.npmmirror.com/picocolors/-/picocolors-1.0.0.tgz"
  "version" "1.0.0"

"postcss@^8.1.10", "postcss@^8.4.6":
  "integrity" "sha512-2tXEqGxrjvAO6U+CJzDL2Fk2kPHTv1jQsYkSoMeOis2SsYaXRO2COxTdQp99cYvif9JTXaAk9lYGc3VhJt7JPQ=="
  "resolved" "https://registry.npmmirror.com/postcss/-/postcss-8.4.8.tgz"
  "version" "8.4.8"
  dependencies:
    "nanoid" "^3.3.1"
    "picocolors" "^1.0.0"
    "source-map-js" "^1.0.2"

"preact@^10.0.0":
  "integrity" "sha512-i+LXM6JiVjQXSt2jG2vZZFapGpCuk1fl8o6ii3G84MA3xgj686FKjs4JFDkmUVhtxyq21+4ay74zqPykz9hU6w=="
  "resolved" "https://registry.npmmirror.com/preact/-/preact-10.6.5.tgz"
  "version" "10.6.5"

"prismjs@^1.25.0":
  "integrity" "sha512-HUoH9C5Z3jKkl3UunCyiD5jwk0+Hz0fIgQ2nbwU2Oo/ceuTAQAg+pPVnfdt2TJWRVLcxKh9iuoYDUSc8clb5UQ=="
  "resolved" "https://registry.npmmirror.com/prismjs/-/prismjs-1.26.0.tgz"
  "version" "1.26.0"

"react-dom@>= 16.8.0 < 18.0.0":
  "integrity" "sha512-s4h96KtLDUQlsENhMn1ar8t2bEa+q/YAtj8pPPdIjPDGBDIVNsrD9aXNWqspUe6AzKCIG0C1HZZLqLV7qpOBGA=="
  "resolved" "https://registry.npmmirror.com/react-dom/-/react-dom-17.0.2.tgz"
  "version" "17.0.2"
  dependencies:
    "loose-envify" "^1.1.0"
    "object-assign" "^4.1.1"
    "scheduler" "^0.20.2"

"react@>= 16.8.0 < 18.0.0", "react@17.0.2":
  "integrity" "sha512-gnhPt75i/dq/z3/6q/0asP78D0u592D5L1pd7M8P+dck6Fu/jJeL6iVVK23fptSUZj8Vjf++7wXA8UNclGQcbA=="
  "resolved" "https://registry.npmmirror.com/react/-/react-17.0.2.tgz"
  "version" "17.0.2"
  dependencies:
    "loose-envify" "^1.1.0"
    "object-assign" "^4.1.1"

"resolve@^1.22.0":
  "integrity" "sha512-Hhtrw0nLeSrFQ7phPp4OOcVjLPIeMnRlr5mcnVuMe7M/7eBn98A3hmFRLoFo3DLZkivSYwhRUJTyPyWAk56WLw=="
  "resolved" "https://registry.npmmirror.com/resolve/-/resolve-1.22.0.tgz"
  "version" "1.22.0"
  dependencies:
    "is-core-module" "^2.8.1"
    "path-parse" "^1.0.7"
    "supports-preserve-symlinks-flag" "^1.0.0"

"rollup@^2.59.0":
  "integrity" "sha512-iEzYw+syFxQ0X9RefVwhr8BA2TNJsTaX8L8dhyeyMECDbmiba+8UQzcu+xZdji0+JQ+s7kouQnw+9Oz5M19XKA=="
  "resolved" "https://registry.npmmirror.com/rollup/-/rollup-2.70.0.tgz"
  "version" "2.70.0"
  optionalDependencies:
    "fsevents" "~2.3.2"

"scheduler@^0.20.2":
  "integrity" "sha512-2eWfGgAqqWFGqtdMmcL5zCMK1U8KlXv8SQFGglL3CEtd0aDVDWgeF/YoCmvln55m5zSk3J/20hTaSBeSObsQDQ=="
  "resolved" "https://registry.npmmirror.com/scheduler/-/scheduler-0.20.2.tgz"
  "version" "0.20.2"
  dependencies:
    "loose-envify" "^1.1.0"
    "object-assign" "^4.1.1"

"source-map-js@^1.0.2":
  "integrity" "sha512-R0XvVJ9WusLiqTCEiGCmICCMplcCkIwwR11mOSD9CR5u+IXYdiseeEuXCVAjS54zqwkLcPNnmU4OeJ6tUrWhDw=="
  "resolved" "https://registry.npmmirror.com/source-map-js/-/source-map-js-1.0.2.tgz"
  "version" "1.0.2"

"source-map@^0.6.1":
  "integrity" "sha512-UjgapumWlbMhkBgzT7Ykc5YXUT46F0iKu8SGXq0bcwP5dz/h0Plj6enJqjz1Zbq2l5WaqYnrVbwWOWMyF3F47g=="
  "resolved" "https://registry.npmmirror.com/source-map/-/source-map-0.6.1.tgz"
  "version" "0.6.1"

"sourcemap-codec@^1.4.8":
  "integrity" "sha512-9NykojV5Uih4lgo5So5dtw+f0JgJX30KCNI8gwhz2J9A15wD0Ml6tjHKwf6fTSa6fAdVBdZeNOs9eJ71qCk8vA=="
  "resolved" "https://registry.npmmirror.com/sourcemap-codec/-/sourcemap-codec-1.4.8.tgz"
  "version" "1.4.8"

"supports-preserve-symlinks-flag@^1.0.0":
  "integrity" "sha512-ot0WnXS9fgdkgIcePe6RHNk1WA8+muPa6cSjeR3V8K27q9BB1rTE3R1p7Hv0z1ZyAc8s6Vvv8DIyWf681MAt0w=="
  "resolved" "https://registry.npmmirror.com/supports-preserve-symlinks-flag/-/supports-preserve-symlinks-flag-1.0.0.tgz"
  "version" "1.0.0"

"vite@^2.5.10", "vite@^2.8.1":
  "integrity" "sha512-e4H0QpludOVKkmOsRyqQ7LTcMUDF3mcgyNU4lmi0B5JUbe0ZxeBBl8VoZ8Y6Rfn9eFKYtdXNPcYK97ZwH+K2ug=="
  "resolved" "https://registry.npmmirror.com/vite/-/vite-2.8.6.tgz"
  "version" "2.8.6"
  dependencies:
    "esbuild" "^0.14.14"
    "postcss" "^8.4.6"
    "resolve" "^1.22.0"
    "rollup" "^2.59.0"
  optionalDependencies:
    "fsevents" "~2.3.2"

"vitepress@^0.22.3":
  "integrity" "sha512-Yfvu/rent2vp/TXIDZMutS6ft2TJPn4xngS48PYFWDEbuFI2ccUAXM481lF1qVVnCKxfh4g8e/KPvevSJdg1Bw=="
  "resolved" "https://registry.npmmirror.com/vitepress/-/vitepress-0.22.3.tgz"
  "version" "0.22.3"
  dependencies:
    "@docsearch/css" "^3.0.0-alpha.41"
    "@docsearch/js" "^3.0.0-alpha.41"
    "@vitejs/plugin-vue" "^2.2.0"
    "prismjs" "^1.25.0"
    "vite" "^2.8.1"
    "vue" "^3.2.31"

"vue@^3.2.25", "vue@^3.2.31", "vue@3.2.31":
  "integrity" "sha512-odT3W2tcffTiQCy57nOT93INw1auq5lYLLYtWpPYQQYQOOdHiqFct9Xhna6GJ+pJQaF67yZABraH47oywkJgFw=="
  "resolved" "https://registry.npmmirror.com/vue/-/vue-3.2.31.tgz"
  "version" "3.2.31"
  dependencies:
    "@vue/compiler-dom" "3.2.31"
    "@vue/compiler-sfc" "3.2.31"
    "@vue/runtime-dom" "3.2.31"
    "@vue/server-renderer" "3.2.31"
    "@vue/shared" "3.2.31"
